
Microsoft Visual Studio Solution File, Format Version 12.00
# Visual Studio 15
VisualStudioVersion = 15.0.28010.2016
MinimumVisualStudioVersion = 10.0.40219.1
Project("{FAE04EC0-301F-11D3-BF4B-00C04F79EFBC}") = "NumDecompose_MonitorUI", "NumDecompose_MonitorUI\NumDecompose_MonitorUI.csproj", "{8B19D865-4DDD-449B-8DAE-85FEA3F1EC95}"
EndProject
Global
	GlobalSection(SolutionConfigurationPlatforms) = preSolution
		Debug|Any CPU = Debug|Any CPU
		Release|Any CPU = Release|Any CPU
	EndGlobalSection
	GlobalSection(ProjectConfigurationPlatforms) = postSolution
		{8B19D865-4DDD-449B-8DAE-85FEA3F1EC95}.Debug|Any CPU.ActiveCfg = Debug|Any CPU
		{8B19D865-4DDD-449B-8DAE-85FEA3F1EC95}.Debug|Any CPU.Build.0 = Debug|Any CPU
		{8B19D865-4DDD-449B-8DAE-85FEA3F1EC95}.Release|Any CPU.ActiveCfg = Release|Any CPU
		{8B19D865-4DDD-449B-8DAE-85FEA3F1EC95}.Release|Any CPU.Build.0 = Release|Any CPU
	EndGlobalSection
	GlobalSection(SolutionProperties) = preSolution
		HideSolutionNode = FALSE
	EndGlobalSection
	GlobalSection(ExtensibilityGlobals) = postSolution
		SolutionGuid = {C43A4F4C-E0BC-4B65-9BFC-FFFEC93C49E0}
	EndGlobalSection
EndGlobal
